
Microsoft Visual Studio Solution File, Format Version 12.00
# Visual Studio Version 16
VisualStudioVersion = 16.0.28803.202
MinimumVisualStudioVersion = 10.0.40219.1
Project("{9A19103F-16F7-4668-BE54-9A1E7A4F7556}") = "Api.Template.WebApi", "CleanArch.Api.Template\Api.Template.WebApi.csproj", "{83363E48-1C78-4871-BCC8-96B73A4A6B95}"
EndProject
Project("{2150E333-8FDC-42A3-9474-1A3956D46DE8}") = "0 - Core", "0 - Core", "{6A78075F-A6F2-4945-8212-1EE50EBAD04E}"
EndProject
Project("{2150E333-8FDC-42A3-9474-1A3956D46DE8}") = "1  - Domain", "1  - Domain", "{F86976AC-A99D-460D-A85E-99115CCC1C1D}"
EndProject
Project("{2150E333-8FDC-42A3-9474-1A3956D46DE8}") = "2 - Application", "2 - Application", "{405938EA-33F3-4F77-9CEE-2F1427DFA8FD}"
EndProject
Project("{2150E333-8FDC-42A3-9474-1A3956D46DE8}") = "3 - Infrastructure", "3 - Infrastructure", "{5A78E915-A0E1-4062-A6BF-968583903B4F}"
EndProject
Project("{2150E333-8FDC-42A3-9474-1A3956D46DE8}") = "4 - EntryPoints", "4 - EntryPoints", "{63A20FD3-D08F-434D-B4BB-B94301825976}"
	ProjectSection(SolutionItems) = preProject
		..\..\..\..\..\..\working\git-alper\Alper.PortalRH.Backend.CI\Api.PortalRH.WebApi\nlog.config = ..\..\..\..\..\..\working\git-alper\Alper.PortalRH.Backend.CI\Api.PortalRH.WebApi\nlog.config
	EndProjectSection
EndProject
Project("{2150E333-8FDC-42A3-9474-1A3956D46DE8}") = "5 - Tests", "5 - Tests", "{4DCFFCDB-4A0A-4A2C-AB6A-79CB68E778E3}"
EndProject
Project("{9A19103F-16F7-4668-BE54-9A1E7A4F7556}") = "Api.Common.Core", "Api.Common.Core\Api.Common.Core.csproj", "{737209C3-4852-4601-B318-0797195D87EC}"
EndProject
Project("{9A19103F-16F7-4668-BE54-9A1E7A4F7556}") = "Api.Common.Cqrs.Core", "Api.Common.Cqrs.Core\Api.Common.Cqrs.Core.csproj", "{6B5B09E0-966C-4BC6-932F-A855F54B466A}"
EndProject
Project("{9A19103F-16F7-4668-BE54-9A1E7A4F7556}") = "Api.Common.Repository.Contracts.Core", "Api.Common.Repository.Contracts.Core\Api.Common.Repository.Contracts.Core.csproj", "{F1DE00A7-2017-4399-8638-7BE9AF8B58DD}"
EndProject
Project("{9A19103F-16F7-4668-BE54-9A1E7A4F7556}") = "Api.Common.Repository.EFCore", "Api.Common.Repository.EFCore\Api.Common.Repository.EFCore.csproj", "{159D422E-87B8-4652-90F1-51B5F13EA02D}"
EndProject
Project("{9A19103F-16F7-4668-BE54-9A1E7A4F7556}") = "Api.Common.WebServer", "Api.Common.WebServer\Api.Common.WebServer.csproj", "{7BB10709-A4B6-42D3-8F7C-C59FF1E5DEB5}"
EndProject
Project("{9A19103F-16F7-4668-BE54-9A1E7A4F7556}") = "Api.Template.Domain", "Api.Template.Domain\Api.Template.Domain.csproj", "{144FDD3B-A6F5-4F2D-BBCC-ACE08AFA0C3F}"
EndProject
Project("{9A19103F-16F7-4668-BE54-9A1E7A4F7556}") = "Api.Template.ApplicationService", "Api.Template.ApplicationService\Api.Template.ApplicationService.csproj", "{1ED6A2F8-91D5-49FC-9C3D-F1160331F095}"
EndProject
Project("{9A19103F-16F7-4668-BE54-9A1E7A4F7556}") = "Api.Template.Infrastructure", "Api.Template.Infrastructure\Api.Template.Infrastructure.csproj", "{0BDD0084-E2CA-4308-8B03-4B583A9B2E64}"
EndProject
Project("{9A19103F-16F7-4668-BE54-9A1E7A4F7556}") = "Api.Template.DbEFCore", "Api.Template.DbEFCore\Api.Template.DbEFCore.csproj", "{4ED25941-619F-4068-85AD-1635E1B6182E}"
EndProject
Project("{9A19103F-16F7-4668-BE54-9A1E7A4F7556}") = "Api.Common.Mock.Infrastructure", "Api.Template.Mock.Infrastructure\Api.Common.Mock.Infrastructure.csproj", "{978AD84D-0894-4220-87C1-DD3A67A1CD0D}"
EndProject
Project("{9A19103F-16F7-4668-BE54-9A1E7A4F7556}") = "Api.Template.Domain.Tests", "Api.Template.Domain.Tests\Api.Template.Domain.Tests.csproj", "{8EF59D68-CE21-49B3-9F5D-F94048F79C95}"
EndProject
Project("{9A19103F-16F7-4668-BE54-9A1E7A4F7556}") = "Api.Template.Integration.Tests", "Api.Template.Integration.Tests\Api.Template.Integration.Tests.csproj", "{D8A95A87-48B4-4D17-952B-85AD40B4DAA4}"
EndProject
Global
	GlobalSection(SolutionConfigurationPlatforms) = preSolution
		Debug|Any CPU = Debug|Any CPU
		Release|Any CPU = Release|Any CPU
	EndGlobalSection
	GlobalSection(ProjectConfigurationPlatforms) = postSolution
		{83363E48-1C78-4871-BCC8-96B73A4A6B95}.Debug|Any CPU.ActiveCfg = Debug|Any CPU
		{83363E48-1C78-4871-BCC8-96B73A4A6B95}.Debug|Any CPU.Build.0 = Debug|Any CPU
		{83363E48-1C78-4871-BCC8-96B73A4A6B95}.Release|Any CPU.ActiveCfg = Release|Any CPU
		{83363E48-1C78-4871-BCC8-96B73A4A6B95}.Release|Any CPU.Build.0 = Release|Any CPU
		{737209C3-4852-4601-B318-0797195D87EC}.Debug|Any CPU.ActiveCfg = Debug|Any CPU
		{737209C3-4852-4601-B318-0797195D87EC}.Debug|Any CPU.Build.0 = Debug|Any CPU
		{737209C3-4852-4601-B318-0797195D87EC}.Release|Any CPU.ActiveCfg = Release|Any CPU
		{737209C3-4852-4601-B318-0797195D87EC}.Release|Any CPU.Build.0 = Release|Any CPU
		{6B5B09E0-966C-4BC6-932F-A855F54B466A}.Debug|Any CPU.ActiveCfg = Debug|Any CPU
		{6B5B09E0-966C-4BC6-932F-A855F54B466A}.Debug|Any CPU.Build.0 = Debug|Any CPU
		{6B5B09E0-966C-4BC6-932F-A855F54B466A}.Release|Any CPU.ActiveCfg = Release|Any CPU
		{6B5B09E0-966C-4BC6-932F-A855F54B466A}.Release|Any CPU.Build.0 = Release|Any CPU
		{F1DE00A7-2017-4399-8638-7BE9AF8B58DD}.Debug|Any CPU.ActiveCfg = Debug|Any CPU
		{F1DE00A7-2017-4399-8638-7BE9AF8B58DD}.Debug|Any CPU.Build.0 = Debug|Any CPU
		{F1DE00A7-2017-4399-8638-7BE9AF8B58DD}.Release|Any CPU.ActiveCfg = Release|Any CPU
		{F1DE00A7-2017-4399-8638-7BE9AF8B58DD}.Release|Any CPU.Build.0 = Release|Any CPU
		{159D422E-87B8-4652-90F1-51B5F13EA02D}.Debug|Any CPU.ActiveCfg = Debug|Any CPU
		{159D422E-87B8-4652-90F1-51B5F13EA02D}.Debug|Any CPU.Build.0 = Debug|Any CPU
		{159D422E-87B8-4652-90F1-51B5F13EA02D}.Release|Any CPU.ActiveCfg = Release|Any CPU
		{159D422E-87B8-4652-90F1-51B5F13EA02D}.Release|Any CPU.Build.0 = Release|Any CPU
		{7BB10709-A4B6-42D3-8F7C-C59FF1E5DEB5}.Debug|Any CPU.ActiveCfg = Debug|Any CPU
		{7BB10709-A4B6-42D3-8F7C-C59FF1E5DEB5}.Debug|Any CPU.Build.0 = Debug|Any CPU
		{7BB10709-A4B6-42D3-8F7C-C59FF1E5DEB5}.Release|Any CPU.ActiveCfg = Release|Any CPU
		{7BB10709-A4B6-42D3-8F7C-C59FF1E5DEB5}.Release|Any CPU.Build.0 = Release|Any CPU
		{144FDD3B-A6F5-4F2D-BBCC-ACE08AFA0C3F}.Debug|Any CPU.ActiveCfg = Debug|Any CPU
		{144FDD3B-A6F5-4F2D-BBCC-ACE08AFA0C3F}.Debug|Any CPU.Build.0 = Debug|Any CPU
		{144FDD3B-A6F5-4F2D-BBCC-ACE08AFA0C3F}.Release|Any CPU.ActiveCfg = Release|Any CPU
		{144FDD3B-A6F5-4F2D-BBCC-ACE08AFA0C3F}.Release|Any CPU.Build.0 = Release|Any CPU
		{1ED6A2F8-91D5-49FC-9C3D-F1160331F095}.Debug|Any CPU.ActiveCfg = Debug|Any CPU
		{1ED6A2F8-91D5-49FC-9C3D-F1160331F095}.Debug|Any CPU.Build.0 = Debug|Any CPU
		{1ED6A2F8-91D5-49FC-9C3D-F1160331F095}.Release|Any CPU.ActiveCfg = Release|Any CPU
		{1ED6A2F8-91D5-49FC-9C3D-F1160331F095}.Release|Any CPU.Build.0 = Release|Any CPU
		{0BDD0084-E2CA-4308-8B03-4B583A9B2E64}.Debug|Any CPU.ActiveCfg = Debug|Any CPU
		{0BDD0084-E2CA-4308-8B03-4B583A9B2E64}.Debug|Any CPU.Build.0 = Debug|Any CPU
		{0BDD0084-E2CA-4308-8B03-4B583A9B2E64}.Release|Any CPU.ActiveCfg = Release|Any CPU
		{0BDD0084-E2CA-4308-8B03-4B583A9B2E64}.Release|Any CPU.Build.0 = Release|Any CPU
		{4ED25941-619F-4068-85AD-1635E1B6182E}.Debug|Any CPU.ActiveCfg = Debug|Any CPU
		{4ED25941-619F-4068-85AD-1635E1B6182E}.Debug|Any CPU.Build.0 = Debug|Any CPU
		{4ED25941-619F-4068-85AD-1635E1B6182E}.Release|Any CPU.ActiveCfg = Release|Any CPU
		{4ED25941-619F-4068-85AD-1635E1B6182E}.Release|Any CPU.Build.0 = Release|Any CPU
		{978AD84D-0894-4220-87C1-DD3A67A1CD0D}.Debug|Any CPU.ActiveCfg = Debug|Any CPU
		{978AD84D-0894-4220-87C1-DD3A67A1CD0D}.Debug|Any CPU.Build.0 = Debug|Any CPU
		{978AD84D-0894-4220-87C1-DD3A67A1CD0D}.Release|Any CPU.ActiveCfg = Release|Any CPU
		{978AD84D-0894-4220-87C1-DD3A67A1CD0D}.Release|Any CPU.Build.0 = Release|Any CPU
		{8EF59D68-CE21-49B3-9F5D-F94048F79C95}.Debug|Any CPU.ActiveCfg = Debug|Any CPU
		{8EF59D68-CE21-49B3-9F5D-F94048F79C95}.Debug|Any CPU.Build.0 = Debug|Any CPU
		{8EF59D68-CE21-49B3-9F5D-F94048F79C95}.Release|Any CPU.ActiveCfg = Release|Any CPU
		{8EF59D68-CE21-49B3-9F5D-F94048F79C95}.Release|Any CPU.Build.0 = Release|Any CPU
		{D8A95A87-48B4-4D17-952B-85AD40B4DAA4}.Debug|Any CPU.ActiveCfg = Debug|Any CPU
		{D8A95A87-48B4-4D17-952B-85AD40B4DAA4}.Debug|Any CPU.Build.0 = Debug|Any CPU
		{D8A95A87-48B4-4D17-952B-85AD40B4DAA4}.Release|Any CPU.ActiveCfg = Release|Any CPU
		{D8A95A87-48B4-4D17-952B-85AD40B4DAA4}.Release|Any CPU.Build.0 = Release|Any CPU
	EndGlobalSection
	GlobalSection(SolutionProperties) = preSolution
		HideSolutionNode = FALSE
	EndGlobalSection
	GlobalSection(NestedProjects) = preSolution
		{83363E48-1C78-4871-BCC8-96B73A4A6B95} = {63A20FD3-D08F-434D-B4BB-B94301825976}
		{737209C3-4852-4601-B318-0797195D87EC} = {6A78075F-A6F2-4945-8212-1EE50EBAD04E}
		{6B5B09E0-966C-4BC6-932F-A855F54B466A} = {6A78075F-A6F2-4945-8212-1EE50EBAD04E}
		{F1DE00A7-2017-4399-8638-7BE9AF8B58DD} = {6A78075F-A6F2-4945-8212-1EE50EBAD04E}
		{159D422E-87B8-4652-90F1-51B5F13EA02D} = {6A78075F-A6F2-4945-8212-1EE50EBAD04E}
		{7BB10709-A4B6-42D3-8F7C-C59FF1E5DEB5} = {6A78075F-A6F2-4945-8212-1EE50EBAD04E}
		{144FDD3B-A6F5-4F2D-BBCC-ACE08AFA0C3F} = {F86976AC-A99D-460D-A85E-99115CCC1C1D}
		{1ED6A2F8-91D5-49FC-9C3D-F1160331F095} = {405938EA-33F3-4F77-9CEE-2F1427DFA8FD}
		{0BDD0084-E2CA-4308-8B03-4B583A9B2E64} = {5A78E915-A0E1-4062-A6BF-968583903B4F}
		{4ED25941-619F-4068-85AD-1635E1B6182E} = {5A78E915-A0E1-4062-A6BF-968583903B4F}
		{978AD84D-0894-4220-87C1-DD3A67A1CD0D} = {6A78075F-A6F2-4945-8212-1EE50EBAD04E}
		{8EF59D68-CE21-49B3-9F5D-F94048F79C95} = {4DCFFCDB-4A0A-4A2C-AB6A-79CB68E778E3}
		{D8A95A87-48B4-4D17-952B-85AD40B4DAA4} = {4DCFFCDB-4A0A-4A2C-AB6A-79CB68E778E3}
	EndGlobalSection
	GlobalSection(ExtensibilityGlobals) = postSolution
		SolutionGuid = {4AF3A729-4604-4020-8C11-4EB2FD303332}
	EndGlobalSection
EndGlobal
